// !$*UTF8*$!
{
	archiveVersion = 1;
	classes = {
	};
	objectVersion = 56;
	objects = {

/* Begin PBXBuildFile section */
		DE55B5742A3883DB00EF6CF9 /* SwiftUIFirebaseAuthenticationApp.swift in Sources */ = {isa = PBXBuildFile; fileRef = DE55B5732A3883DB00EF6CF9 /* SwiftUIFirebaseAuthenticationApp.swift */; };
		DE55B5762A3883DB00EF6CF9 /* ContentView.swift in Sources */ = {isa = PBXBuildFile; fileRef = DE55B5752A3883DB00EF6CF9 /* ContentView.swift */; };
		DE55B5782A3883DC00EF6CF9 /* Assets.xcassets in Resources */ = {isa = PBXBuildFile; fileRef = DE55B5772A3883DC00EF6CF9 /* Assets.xcassets */; };
		DE55B57B2A3883DC00EF6CF9 /* Preview Assets.xcassets in Resources */ = {isa = PBXBuildFile; fileRef = DE55B57A2A3883DC00EF6CF9 /* Preview Assets.xcassets */; };
		DE55B5822A3884FE00EF6CF9 /* LoginView.swift in Sources */ = {isa = PBXBuildFile; fileRef = DE55B5812A3884FE00EF6CF9 /* LoginView.swift */; };
		DE55B5842A38851000EF6CF9 /* RegistrationView.swift in Sources */ = {isa = PBXBuildFile; fileRef = DE55B5832A38851000EF6CF9 /* RegistrationView.swift */; };
		DE55B5862A38852900EF6CF9 /* MainScreen.swift in Sources */ = {isa = PBXBuildFile; fileRef = DE55B5852A38852900EF6CF9 /* MainScreen.swift */; };
		DE55B5882A38895400EF6CF9 /* CustomTextField.swift in Sources */ = {isa = PBXBuildFile; fileRef = DE55B5872A38895400EF6CF9 /* CustomTextField.swift */; };
		DE55B58A2A388D7C00EF6CF9 /* CustomButton.swift in Sources */ = {isa = PBXBuildFile; fileRef = DE55B5892A388D7C00EF6CF9 /* CustomButton.swift */; };
		DE55B58C2A38971400EF6CF9 /* GoogleService-Info.plist in Resources */ = {isa = PBXBuildFile; fileRef = DE55B58B2A38971400EF6CF9 /* GoogleService-Info.plist */; };
		DE55B58F2A38984500EF6CF9 /* FirebaseAuth in Frameworks */ = {isa = PBXBuildFile; productRef = DE55B58E2A38984500EF6CF9 /* FirebaseAuth */; };
		DE55B5912A38998C00EF6CF9 /* ContentViewModel.swift in Sources */ = {isa = PBXBuildFile; fileRef = DE55B5902A38998C00EF6CF9 /* ContentViewModel.swift */; };
/* End PBXBuildFile section */

/* Begin PBXFileReference section */
		DE55B5702A3883DB00EF6CF9 /* SwiftUIFirebaseAuthentication.app */ = {isa = PBXFileReference; explicitFileType = wrapper.application; includeInIndex = 0; path = SwiftUIFirebaseAuthentication.app; sourceTree = BUILT_PRODUCTS_DIR; };
		DE55B5732A3883DB00EF6CF9 /* SwiftUIFirebaseAuthenticationApp.swift */ = {isa = PBXFileReference; lastKnownFileType = sourcecode.swift; path = SwiftUIFirebaseAuthenticationApp.swift; sourceTree = "<group>"; };
		DE55B5752A3883DB00EF6CF9 /* ContentView.swift */ = {isa = PBXFileReference; lastKnownFileType = sourcecode.swift; path = ContentView.swift; sourceTree = "<group>"; };
		DE55B5772A3883DC00EF6CF9 /* Assets.xcassets */ = {isa = PBXFileReference; lastKnownFileType = folder.assetcatalog; path = Assets.xcassets; sourceTree = "<group>"; };
		DE55B57A2A3883DC00EF6CF9 /* Preview Assets.xcassets */ = {isa = PBXFileReference; lastKnownFileType = folder.assetcatalog; path = "Preview Assets.xcassets"; sourceTree = "<group>"; };
		DE55B5812A3884FE00EF6CF9 /* LoginView.swift */ = {isa = PBXFileReference; lastKnownFileType = sourcecode.swift; path = LoginView.swift; sourceTree = "<group>"; };
		DE55B5832A38851000EF6CF9 /* RegistrationView.swift */ = {isa = PBXFileReference; lastKnownFileType = sourcecode.swift; path = RegistrationView.swift; sourceTree = "<group>"; };
		DE55B5852A38852900EF6CF9 /* MainScreen.swift */ = {isa = PBXFileReference; lastKnownFileType = sourcecode.swift; path = MainScreen.swift; sourceTree = "<group>"; };
		DE55B5872A38895400EF6CF9 /* CustomTextField.swift */ = {isa = PBXFileReference; lastKnownFileType = sourcecode.swift; path = CustomTextField.swift; sourceTree = "<group>"; };
		DE55B5892A388D7C00EF6CF9 /* CustomButton.swift */ = {isa = PBXFileReference; lastKnownFileType = sourcecode.swift; path = CustomButton.swift; sourceTree = "<group>"; };
		DE55B58B2A38971400EF6CF9 /* GoogleService-Info.plist */ = {isa = PBXFileReference; fileEncoding = 4; lastKnownFileType = text.plist.xml; path = "GoogleService-Info.plist"; sourceTree = "<group>"; };
		DE55B5902A38998C00EF6CF9 /* ContentViewModel.swift */ = {isa = PBXFileReference; lastKnownFileType = sourcecode.swift; path = ContentViewModel.swift; sourceTree = "<group>"; };
/* End PBXFileReference section */

/* Begin PBXFrameworksBuildPhase section */
		DE55B56D2A3883DB00EF6CF9 /* Frameworks */ = {
			isa = PBXFrameworksBuildPhase;
			buildActionMask = 2147483647;
			files = (
				DE55B58F2A38984500EF6CF9 /* FirebaseAuth in Frameworks */,
			);
			runOnlyForDeploymentPostprocessing = 0;
		};
/* End PBXFrameworksBuildPhase section */

/* Begin PBXGroup section */
		DE55B5672A3883DB00EF6CF9 = {
			isa = PBXGroup;
			children = (
				DE55B5722A3883DB00EF6CF9 /* SwiftUIFirebaseAuthentication */,
				DE55B5712A3883DB00EF6CF9 /* Products */,
			);
			sourceTree = "<group>";
		};
		DE55B5712A3883DB00EF6CF9 /* Products */ = {
			isa = PBXGroup;
			children = (
				DE55B5702A3883DB00EF6CF9 /* SwiftUIFirebaseAuthentication.app */,
			);
			name = Products;
			sourceTree = "<group>";
		};
		DE55B5722A3883DB00EF6CF9 /* SwiftUIFirebaseAuthentication */ = {
			isa = PBXGroup;
			children = (
				DE55B5732A3883DB00EF6CF9 /* SwiftUIFirebaseAuthenticationApp.swift */,
				DE55B5902A38998C00EF6CF9 /* ContentViewModel.swift */,
				DE55B5752A3883DB00EF6CF9 /* ContentView.swift */,
				DE55B5812A3884FE00EF6CF9 /* LoginView.swift */,
				DE55B5892A388D7C00EF6CF9 /* CustomButton.swift */,
				DE55B5872A38895400EF6CF9 /* CustomTextField.swift */,
				DE55B5832A38851000EF6CF9 /* RegistrationView.swift */,
				DE55B5852A38852900EF6CF9 /* MainScreen.swift */,
				DE55B58B2A38971400EF6CF9 /* GoogleService-Info.plist */,
				DE55B5772A3883DC00EF6CF9 /* Assets.xcassets */,
				DE55B5792A3883DC00EF6CF9 /* Preview Content */,
			);
			path = SwiftUIFirebaseAuthentication;
			sourceTree = "<group>";
		};
		DE55B5792A3883DC00EF6CF9 /* Preview Content */ = {
			isa = PBXGroup;
			children = (
				DE55B57A2A3883DC00EF6CF9 /* Preview Assets.xcassets */,
			);
			path = "Preview Content";
			sourceTree = "<group>";
		};
/* End PBXGroup section */

/* Begin PBXNativeTarget section */
		DE55B56F2A3883DB00EF6CF9 /* SwiftUIFirebaseAuthentication */ = {
			isa = PBXNativeTarget;
			buildConfigurationList = DE55B57E2A3883DC00EF6CF9 /* Build configuration list for PBXNativeTarget "SwiftUIFirebaseAuthentication" */;
			buildPhases = (
				DE55B56C2A3883DB00EF6CF9 /* Sources */,
				DE55B56D2A3883DB00EF6CF9 /* Frameworks */,
				DE55B56E2A3883DB00EF6CF9 /* Resources */,
			);
			buildRules = (
			);
			dependencies = (
			);
			name = SwiftUIFirebaseAuthentication;
			packageProductDependencies = (
				DE55B58E2A38984500EF6CF9 /* FirebaseAuth */,
			);
			productName = SwiftUIFirebaseAuthentication;
			productReference = DE55B5702A3883DB00EF6CF9 /* SwiftUIFirebaseAuthentication.app */;
			productType = "com.apple.product-type.application";
		};
/* End PBXNativeTarget section */

/* Begin PBXProject section */
		DE55B5682A3883DB00EF6CF9 /* Project object */ = {
			isa = PBXProject;
			attributes = {
				BuildIndependentTargetsInParallel = 1;
				LastSwiftUpdateCheck = 1430;
				LastUpgradeCheck = 1430;
				TargetAttributes = {
					DE55B56F2A3883DB00EF6CF9 = {
						CreatedOnToolsVersion = 14.3.1;
					};
				};
			};
			buildConfigurationList = DE55B56B2A3883DB00EF6CF9 /* Build configuration list for PBXProject "SwiftUIFirebaseAuthentication" */;
			compatibilityVersion = "Xcode 14.0";
			developmentRegion = en;
			hasScannedForEncodings = 0;
			knownRegions = (
				en,
				Base,
			);
			mainGroup = DE55B5672A3883DB00EF6CF9;
			packageReferences = (
				DE55B58D2A38984500EF6CF9 /* XCRemoteSwiftPackageReference "firebase-ios-sdk" */,
			);
			productRefGroup = DE55B5712A3883DB00EF6CF9 /* Products */;
			projectDirPath = "";
			projectRoot = "";
			targets = (
				DE55B56F2A3883DB00EF6CF9 /* SwiftUIFirebaseAuthentication */,
			);
		};
/* End PBXProject section */

/* Begin PBXResourcesBuildPhase section */
		DE55B56E2A3883DB00EF6CF9 /* Resources */ = {
			isa = PBXResourcesBuildPhase;
			buildActionMask = 2147483647;
			files = (
				DE55B57B2A3883DC00EF6CF9 /* Preview Assets.xcassets in Resources */,
				DE55B5782A3883DC00EF6CF9 /* Assets.xcassets in Resources */,
				DE55B58C2A38971400EF6CF9 /* GoogleService-Info.plist in Resources */,
			);
			runOnlyForDeploymentPostprocessing = 0;
		};
/* End PBXResourcesBuildPhase section */

/* Begin PBXSourcesBuildPhase section */
		DE55B56C2A3883DB00EF6CF9 /* Sources */ = {
			isa = PBXSourcesBuildPhase;
			buildActionMask = 2147483647;
			files = (
				DE55B5912A38998C00EF6CF9 /* ContentViewModel.swift in Sources */,
				DE55B5822A3884FE00EF6CF9 /* LoginView.swift in Sources */,
				DE55B5762A3883DB00EF6CF9 /* ContentView.swift in Sources */,
				DE55B5882A38895400EF6CF9 /* CustomTextField.swift in Sources */,
				DE55B5862A38852900EF6CF9 /* MainScreen.swift in Sources */,
				DE55B58A2A388D7C00EF6CF9 /* CustomButton.swift in Sources */,
				DE55B5742A3883DB00EF6CF9 /* SwiftUIFirebaseAuthenticationApp.swift in Sources */,
				DE55B5842A38851000EF6CF9 /* RegistrationView.swift in Sources */,
			);
			runOnlyForDeploymentPostprocessing = 0;
		};
/* End PBXSourcesBuildPhase section */

/* Begin XCBuildConfiguration section */
		DE55B57C2A3883DC00EF6CF9 /* Debug */ = {
			isa = XCBuildConfiguration;
			buildSettings = {
				ALWAYS_SEARCH_USER_PATHS = NO;
				CLANG_ANALYZER_NONNULL = YES;
				CLANG_ANALYZER_NUMBER_OBJECT_CONVERSION = YES_AGGRESSIVE;
				CLANG_CXX_LANGUAGE_STANDARD = "gnu++20";
				CLANG_ENABLE_MODULES = YES;
				CLANG_ENABLE_OBJC_ARC = YES;
				CLANG_ENABLE_OBJC_WEAK = YES;
				CLANG_WARN_BLOCK_CAPTURE_AUTORELEASING = YES;
				CLANG_WARN_BOOL_CONVERSION = YES;
				CLANG_WARN_COMMA = YES;
				CLANG_WARN_CONSTANT_CONVERSION = YES;
				CLANG_WARN_DEPRECATED_OBJC_IMPLEMENTATIONS = YES;
				CLANG_WARN_DIRECT_OBJC_ISA_USAGE = YES_ERROR;
				CLANG_WARN_DOCUMENTATION_COMMENTS = YES;
				CLANG_WARN_EMPTY_BODY = YES;
				CLANG_WARN_ENUM_CONVERSION = YES;
				CLANG_WARN_INFINITE_RECURSION = YES;
				CLANG_WARN_INT_CONVERSION = YES;
				CLANG_WARN_NON_LITERAL_NULL_CONVERSION = YES;
				CLANG_WARN_OBJC_IMPLICIT_RETAIN_SELF = YES;
				CLANG_WARN_OBJC_LITERAL_CONVERSION = YES;
				CLANG_WARN_OBJC_ROOT_CLASS = YES_ERROR;
				CLANG_WARN_QUOTED_INCLUDE_IN_FRAMEWORK_HEADER = YES;
				CLANG_WARN_RANGE_LOOP_ANALYSIS = YES;
				CLANG_WARN_STRICT_PROTOTYPES = YES;
				CLANG_WARN_SUSPICIOUS_MOVE = YES;
				CLANG_WARN_UNGUARDED_AVAILABILITY = YES_AGGRESSIVE;
				CLANG_WARN_UNREACHABLE_CODE = YES;
				CLANG_WARN__DUPLICATE_METHOD_MATCH = YES;
				COPY_PHASE_STRIP = NO;
				DEBUG_INFORMATION_FORMAT = dwarf;
				ENABLE_STRICT_OBJC_MSGSEND = YES;
				ENABLE_TESTABILITY = YES;
				GCC_C_LANGUAGE_STANDARD = gnu11;
				GCC_DYNAMIC_NO_PIC = NO;
				GCC_NO_COMMON_BLOCKS = YES;
				GCC_OPTIMIZATION_LEVEL = 0;
				GCC_PREPROCESSOR_DEFINITIONS = (
					"DEBUG=1",
					"$(inherited)",
				);
				GCC_WARN_64_TO_32_BIT_CONVERSION = YES;
				GCC_WARN_ABOUT_RETURN_TYPE = YES_ERROR;
				GCC_WARN_UNDECLARED_SELECTOR = YES;
				GCC_WARN_UNINITIALIZED_AUTOS = YES_AGGRESSIVE;
				GCC_WARN_UNUSED_FUNCTION = YES;
				GCC_WARN_UNUSED_VARIABLE = YES;
				IPHONEOS_DEPLOYMENT_TARGET = 16.4;
				MTL_ENABLE_DEBUG_INFO = INCLUDE_SOURCE;
				MTL_FAST_MATH = YES;
				ONLY_ACTIVE_ARCH = YES;
				SDKROOT = iphoneos;
				SWIFT_ACTIVE_COMPILATION_CONDITIONS = DEBUG;
				SWIFT_OPTIMIZATION_LEVEL = "-Onone";
			};
			name = Debug;
		};
		DE55B57D2A3883DC00EF6CF9 /* Release */ = {
			isa = XCBuildConfiguration;
			buildSettings = {
				ALWAYS_SEARCH_USER_PATHS = NO;
				CLANG_ANALYZER_NONNULL = YES;
				CLANG_ANALYZER_NUMBER_OBJECT_CONVERSION = YES_AGGRESSIVE;
				CLANG_CXX_LANGUAGE_STANDARD = "gnu++20";
				CLANG_ENABLE_MODULES = YES;
				CLANG_ENABLE_OBJC_ARC = YES;
				CLANG_ENABLE_OBJC_WEAK = YES;
				CLANG_WARN_BLOCK_CAPTURE_AUTORELEASING = YES;
				CLANG_WARN_BOOL_CONVERSION = YES;
				CLANG_WARN_COMMA = YES;
				CLANG_WARN_CONSTANT_CONVERSION = YES;
				CLANG_WARN_DEPRECATED_OBJC_IMPLEMENTATIONS = YES;
				CLANG_WARN_DIRECT_OBJC_ISA_USAGE = YES_ERROR;
				CLANG_WARN_DOCUMENTATION_COMMENTS = YES;
				CLANG_WARN_EMPTY_BODY = YES;
				CLANG_WARN_ENUM_CONVERSION = YES;
				CLANG_WARN_INFINITE_RECURSION = YES;
				CLANG_WARN_INT_CONVERSION = YES;
				CLANG_WARN_NON_LITERAL_NULL_CONVERSION = YES;
				CLANG_WARN_OBJC_IMPLICIT_RETAIN_SELF = YES;
				CLANG_WARN_OBJC_LITERAL_CONVERSION = YES;
				CLANG_WARN_OBJC_ROOT_CLASS = YES_ERROR;
				CLANG_WARN_QUOTED_INCLUDE_IN_FRAMEWORK_HEADER = YES;
				CLANG_WARN_RANGE_LOOP_ANALYSIS = YES;
				CLANG_WARN_STRICT_PROTOTYPES = YES;
				CLANG_WARN_SUSPICIOUS_MOVE = YES;
				CLANG_WARN_UNGUARDED_AVAILABILITY = YES_AGGRESSIVE;
				CLANG_WARN_UNREACHABLE_CODE = YES;
				CLANG_WARN__DUPLICATE_METHOD_MATCH = YES;
				COPY_PHASE_STRIP = NO;
				DEBUG_INFORMATION_FORMAT = "dwarf-with-dsym";
				ENABLE_NS_ASSERTIONS = NO;
				ENABLE_STRICT_OBJC_MSGSEND = YES;
				GCC_C_LANGUAGE_STANDARD = gnu11;
				GCC_NO_COMMON_BLOCKS = YES;
				GCC_WARN_64_TO_32_BIT_CONVERSION = YES;
				GCC_WARN_ABOUT_RETURN_TYPE = YES_ERROR;
				GCC_WARN_UNDECLARED_SELECTOR = YES;
				GCC_WARN_UNINITIALIZED_AUTOS = YES_AGGRESSIVE;
				GCC_WARN_UNUSED_FUNCTION = YES;
				GCC_WARN_UNUSED_VARIABLE = YES;
				IPHONEOS_DEPLOYMENT_TARGET = 16.4;
				MTL_ENABLE_DEBUG_INFO = NO;
				MTL_FAST_MATH = YES;
				SDKROOT = iphoneos;
				SWIFT_COMPILATION_MODE = wholemodule;
				SWIFT_OPTIMIZATION_LEVEL = "-O";
				VALIDATE_PRODUCT = YES;
			};
			name = Release;
		};
		DE55B57F2A3883DC00EF6CF9 /* Debug */ = {
			isa = XCBuildConfiguration;
			buildSettings = {
				ASSETCATALOG_COMPILER_APPICON_NAME = AppIcon;
				ASSETCATALOG_COMPILER_GLOBAL_ACCENT_COLOR_NAME = AccentColor;
				CODE_SIGN_STYLE = Automatic;
				CURRENT_PROJECT_VERSION = 1;
				DEVELOPMENT_ASSET_PATHS = "\"SwiftUIFirebaseAuthentication/Preview Content\"";
				ENABLE_PREVIEWS = YES;
				GENERATE_INFOPLIST_FILE = YES;
				INFOPLIST_KEY_UIApplicationSceneManifest_Generation = YES;
				INFOPLIST_KEY_UIApplicationSupportsIndirectInputEvents = YES;
				INFOPLIST_KEY_UILaunchScreen_Generation = YES;
				INFOPLIST_KEY_UISupportedInterfaceOrientations_iPad = "UIInterfaceOrientationPortrait UIInterfaceOrientationPortraitUpsideDown UIInterfaceOrientationLandscapeLeft UIInterfaceOrientationLandscapeRight";
				INFOPLIST_KEY_UISupportedInterfaceOrientations_iPhone = "UIInterfaceOrientationPortrait UIInterfaceOrientationLandscapeLeft UIInterfaceOrientationLandscapeRight";
				LD_RUNPATH_SEARCH_PATHS = (
					"$(inherited)",
					"@executable_path/Frameworks",
				);
				MARKETING_VERSION = 1.0;
				PRODUCT_BUNDLE_IDENTIFIER = com.Bonginkosi.SwiftUIFirebaseAuthentication;
				PRODUCT_NAME = "$(TARGET_NAME)";
				SWIFT_EMIT_LOC_STRINGS = YES;
				SWIFT_VERSION = 5.0;
				TARGETED_DEVICE_FAMILY = "1,2";
			};
			name = Debug;
		};
		DE55B5802A3883DC00EF6CF9 /* Release */ = {
			isa = XCBuildConfiguration;
			buildSettings = {
				ASSETCATALOG_COMPILER_APPICON_NAME = AppIcon;
				ASSETCATALOG_COMPILER_GLOBAL_ACCENT_COLOR_NAME = AccentColor;
				CODE_SIGN_STYLE = Automatic;
				CURRENT_PROJECT_VERSION = 1;
				DEVELOPMENT_ASSET_PATHS = "\"SwiftUIFirebaseAuthentication/Preview Content\"";
				ENABLE_PREVIEWS = YES;
				GENERATE_INFOPLIST_FILE = YES;
				INFOPLIST_KEY_UIApplicationSceneManifest_Generation = YES;
				INFOPLIST_KEY_UIApplicationSupportsIndirectInputEvents = YES;
				INFOPLIST_KEY_UILaunchScreen_Generation = YES;
				INFOPLIST_KEY_UISupportedInterfaceOrientations_iPad = "UIInterfaceOrientationPortrait UIInterfaceOrientationPortraitUpsideDown UIInterfaceOrientationLandscapeLeft UIInterfaceOrientationLandscapeRight";
				INFOPLIST_KEY_UISupportedInterfaceOrientations_iPhone = "UIInterfaceOrientationPortrait UIInterfaceOrientationLandscapeLeft UIInterfaceOrientationLandscapeRight";
				LD_RUNPATH_SEARCH_PATHS = (
					"$(inherited)",
					"@executable_path/Frameworks",
				);
				MARKETING_VERSION = 1.0;
				PRODUCT_BUNDLE_IDENTIFIER = com.Bonginkosi.SwiftUIFirebaseAuthentication;
				PRODUCT_NAME = "$(TARGET_NAME)";
				SWIFT_EMIT_LOC_STRINGS = YES;
				SWIFT_VERSION = 5.0;
				TARGETED_DEVICE_FAMILY = "1,2";
			};
			name = Release;
		};
/* End XCBuildConfiguration section */

/* Begin XCConfigurationList section */
		DE55B56B2A3883DB00EF6CF9 /* Build configuration list for PBXProject "SwiftUIFirebaseAuthentication" */ = {
			isa = XCConfigurationList;
			buildConfigurations = (
				DE55B57C2A3883DC00EF6CF9 /* Debug */,
				DE55B57D2A3883DC00EF6CF9 /* Release */,
			);
			defaultConfigurationIsVisible = 0;
			defaultConfigurationName = Release;
		};
		DE55B57E2A3883DC00EF6CF9 /* Build configuration list for PBXNativeTarget "SwiftUIFirebaseAuthentication" */ = {
			isa = XCConfigurationList;
			buildConfigurations = (
				DE55B57F2A3883DC00EF6CF9 /* Debug */,
				DE55B5802A3883DC00EF6CF9 /* Release */,
			);
			defaultConfigurationIsVisible = 0;
			defaultConfigurationName = Release;
		};
/* End XCConfigurationList section */

/* Begin XCRemoteSwiftPackageReference section */
		DE55B58D2A38984500EF6CF9 /* XCRemoteSwiftPackageReference "firebase-ios-sdk" */ = {
			isa = XCRemoteSwiftPackageReference;
			repositoryURL = "https://github.com/firebase/firebase-ios-sdk";
			requirement = {
				kind = upToNextMajorVersion;
				minimumVersion = 10.0.0;
			};
		};
/* End XCRemoteSwiftPackageReference section */

/* Begin XCSwiftPackageProductDependency section */
		DE55B58E2A38984500EF6CF9 /* FirebaseAuth */ = {
			isa = XCSwiftPackageProductDependency;
			package = DE55B58D2A38984500EF6CF9 /* XCRemoteSwiftPackageReference "firebase-ios-sdk" */;
			productName = FirebaseAuth;
		};
/* End XCSwiftPackageProductDependency section */
	};
	rootObject = DE55B5682A3883DB00EF6CF9 /* Project object */;
}
